// !$*UTF8*$!
{
	archiveVersion = 1;
	classes = {
	};
	objectVersion = 46;
	objects = {

/* Begin PBXBuildFile section */
		35A7B7531EF2290C0087BBAD /* UIImage+BetterFace.m in Sources */ = {isa = PBXBuildFile; fileRef = 35A7B7501EF2290C0087BBAD /* UIImage+BetterFace.m */; };
		35A7B7541EF2290C0087BBAD /* UIImageView+BetterFace.m in Sources */ = {isa = PBXBuildFile; fileRef = 35A7B7521EF2290C0087BBAD /* UIImageView+BetterFace.m */; };
		35A7B7571EF229A80087BBAD /* CoreImage.framework in Frameworks */ = {isa = PBXBuildFile; fileRef = 35A7B7561EF229A80087BBAD /* CoreImage.framework */; };
		35D44AB91E769E3400519775 /* main.m in Sources */ = {isa = PBXBuildFile; fileRef = 35D44AB81E769E3400519775 /* main.m */; };
		35D44ABC1E769E3400519775 /* AppDelegate.m in Sources */ = {isa = PBXBuildFile; fileRef = 35D44ABB1E769E3400519775 /* AppDelegate.m */; };
		35D44AC21E769E3400519775 /* Main.storyboard in Resources */ = {isa = PBXBuildFile; fileRef = 35D44AC01E769E3400519775 /* Main.storyboard */; };
		35D44AC41E769E3400519775 /* Assets.xcassets in Resources */ = {isa = PBXBuildFile; fileRef = 35D44AC31E769E3400519775 /* Assets.xcassets */; };
		35D44AC71E769E3400519775 /* LaunchScreen.storyboard in Resources */ = {isa = PBXBuildFile; fileRef = 35D44AC51E769E3400519775 /* LaunchScreen.storyboard */; };
		35D44AD41E769E4900519775 /* ViewController.m in Sources */ = {isa = PBXBuildFile; fileRef = 35D44ACF1E769E4900519775 /* ViewController.m */; };
		35D44AD51E769E4900519775 /* MyTableViewCell.m in Sources */ = {isa = PBXBuildFile; fileRef = 35D44AD11E769E4900519775 /* MyTableViewCell.m */; };
		35D44AD61E769E4900519775 /* MyCollectionViewCell.m in Sources */ = {isa = PBXBuildFile; fileRef = 35D44AD31E769E4900519775 /* MyCollectionViewCell.m */; };
		35D44AD81E769F2000519775 /* Datas.plist in Resources */ = {isa = PBXBuildFile; fileRef = 35D44AD71E769F2000519775 /* Datas.plist */; };
/* End PBXBuildFile section */

/* Begin PBXFileReference section */
		35A7B74F1EF2290C0087BBAD /* UIImage+BetterFace.h */ = {isa = PBXFileReference; fileEncoding = 4; lastKnownFileType = sourcecode.c.h; path = "UIImage+BetterFace.h"; sourceTree = "<group>"; };
		35A7B7501EF2290C0087BBAD /* UIImage+BetterFace.m */ = {isa = PBXFileReference; fileEncoding = 4; lastKnownFileType = sourcecode.c.objc; path = "UIImage+BetterFace.m"; sourceTree = "<group>"; };
		35A7B7511EF2290C0087BBAD /* UIImageView+BetterFace.h */ = {isa = PBXFileReference; fileEncoding = 4; lastKnownFileType = sourcecode.c.h; path = "UIImageView+BetterFace.h"; sourceTree = "<group>"; };
		35A7B7521EF2290C0087BBAD /* UIImageView+BetterFace.m */ = {isa = PBXFileReference; fileEncoding = 4; lastKnownFileType = sourcecode.c.objc; path = "UIImageView+BetterFace.m"; sourceTree = "<group>"; };
		35A7B7561EF229A80087BBAD /* CoreImage.framework */ = {isa = PBXFileReference; lastKnownFileType = wrapper.framework; name = CoreImage.framework; path = System/Library/Frameworks/CoreImage.framework; sourceTree = SDKROOT; };
		35D44AB41E769E3400519775 /* CollectionViewInTableViewCell.app */ = {isa = PBXFileReference; explicitFileType = wrapper.application; includeInIndex = 0; path = CollectionViewInTableViewCell.app; sourceTree = BUILT_PRODUCTS_DIR; };
		35D44AB81E769E3400519775 /* main.m */ = {isa = PBXFileReference; lastKnownFileType = sourcecode.c.objc; path = main.m; sourceTree = "<group>"; };
		35D44ABA1E769E3400519775 /* AppDelegate.h */ = {isa = PBXFileReference; lastKnownFileType = sourcecode.c.h; path = AppDelegate.h; sourceTree = "<group>"; };
		35D44ABB1E769E3400519775 /* AppDelegate.m */ = {isa = PBXFileReference; lastKnownFileType = sourcecode.c.objc; path = AppDelegate.m; sourceTree = "<group>"; };
		35D44AC11E769E3400519775 /* Base */ = {isa = PBXFileReference; lastKnownFileType = file.storyboard; name = Base; path = Base.lproj/Main.storyboard; sourceTree = "<group>"; };
		35D44AC31E769E3400519775 /* Assets.xcassets */ = {isa = PBXFileReference; lastKnownFileType = folder.assetcatalog; path = Assets.xcassets; sourceTree = "<group>"; };
		35D44AC61E769E3400519775 /* Base */ = {isa = PBXFileReference; lastKnownFileType = file.storyboard; name = Base; path = Base.lproj/LaunchScreen.storyboard; sourceTree = "<group>"; };
		35D44AC81E769E3400519775 /* Info.plist */ = {isa = PBXFileReference; lastKnownFileType = text.plist.xml; path = Info.plist; sourceTree = "<group>"; };
		35D44ACE1E769E4900519775 /* ViewController.h */ = {isa = PBXFileReference; fileEncoding = 4; lastKnownFileType = sourcecode.c.h; path = ViewController.h; sourceTree = "<group>"; };
		35D44ACF1E769E4900519775 /* ViewController.m */ = {isa = PBXFileReference; fileEncoding = 4; lastKnownFileType = sourcecode.c.objc; path = ViewController.m; sourceTree = "<group>"; };
		35D44AD01E769E4900519775 /* MyTableViewCell.h */ = {isa = PBXFileReference; fileEncoding = 4; lastKnownFileType = sourcecode.c.h; path = MyTableViewCell.h; sourceTree = "<group>"; };
		35D44AD11E769E4900519775 /* MyTableViewCell.m */ = {isa = PBXFileReference; fileEncoding = 4; lastKnownFileType = sourcecode.c.objc; path = MyTableViewCell.m; sourceTree = "<group>"; };
		35D44AD21E769E4900519775 /* MyCollectionViewCell.h */ = {isa = PBXFileReference; fileEncoding = 4; lastKnownFileType = sourcecode.c.h; path = MyCollectionViewCell.h; sourceTree = "<group>"; };
		35D44AD31E769E4900519775 /* MyCollectionViewCell.m */ = {isa = PBXFileReference; fileEncoding = 4; lastKnownFileType = sourcecode.c.objc; path = MyCollectionViewCell.m; sourceTree = "<group>"; };
		35D44AD71E769F2000519775 /* Datas.plist */ = {isa = PBXFileReference; fileEncoding = 4; lastKnownFileType = text.plist.xml; path = Datas.plist; sourceTree = "<group>"; };
/* End PBXFileReference section */

/* Begin PBXFrameworksBuildPhase section */
		35D44AB11E769E3400519775 /* Frameworks */ = {
			isa = PBXFrameworksBuildPhase;
			buildActionMask = 2147483647;
			files = (
				35A7B7571EF229A80087BBAD /* CoreImage.framework in Frameworks */,
			);
			runOnlyForDeploymentPostprocessing = 0;
		};
/* End PBXFrameworksBuildPhase section */

/* Begin PBXGroup section */
		35A7B74E1EF2290C0087BBAD /* BetterFaceClass */ = {
			isa = PBXGroup;
			children = (
				35A7B74F1EF2290C0087BBAD /* UIImage+BetterFace.h */,
				35A7B7501EF2290C0087BBAD /* UIImage+BetterFace.m */,
				35A7B7511EF2290C0087BBAD /* UIImageView+BetterFace.h */,
				35A7B7521EF2290C0087BBAD /* UIImageView+BetterFace.m */,
			);
			path = BetterFaceClass;
			sourceTree = "<group>";
		};
		35A7B7551EF229A80087BBAD /* Frameworks */ = {
			isa = PBXGroup;
			children = (
				35A7B7561EF229A80087BBAD /* CoreImage.framework */,
			);
			name = Frameworks;
			sourceTree = "<group>";
		};
		35D44AAB1E769E3400519775 = {
			isa = PBXGroup;
			children = (
				35D44AB61E769E3400519775 /* CollectionViewInTableViewCell */,
				35D44AB51E769E3400519775 /* Products */,
				35A7B7551EF229A80087BBAD /* Frameworks */,
			);
			sourceTree = "<group>";
		};
		35D44AB51E769E3400519775 /* Products */ = {
			isa = PBXGroup;
			children = (
				35D44AB41E769E3400519775 /* CollectionViewInTableViewCell.app */,
			);
			name = Products;
			sourceTree = "<group>";
		};
		35D44AB61E769E3400519775 /* CollectionViewInTableViewCell */ = {
			isa = PBXGroup;
			children = (
				35A7B74E1EF2290C0087BBAD /* BetterFaceClass */,
				35D44ABA1E769E3400519775 /* AppDelegate.h */,
				35D44ABB1E769E3400519775 /* AppDelegate.m */,
				35D44ACE1E769E4900519775 /* ViewController.h */,
				35D44ACF1E769E4900519775 /* ViewController.m */,
				35D44AD01E769E4900519775 /* MyTableViewCell.h */,
				35D44AD11E769E4900519775 /* MyTableViewCell.m */,
				35D44AD21E769E4900519775 /* MyCollectionViewCell.h */,
				35D44AD31E769E4900519775 /* MyCollectionViewCell.m */,
				35D44AD71E769F2000519775 /* Datas.plist */,
				35D44AC01E769E3400519775 /* Main.storyboard */,
				35D44AC31E769E3400519775 /* Assets.xcassets */,
				35D44AC51E769E3400519775 /* LaunchScreen.storyboard */,
				35D44AC81E769E3400519775 /* Info.plist */,
				35D44AB71E769E3400519775 /* Supporting Files */,
			);
			path = CollectionViewInTableViewCell;
			sourceTree = "<group>";
		};
		35D44AB71E769E3400519775 /* Supporting Files */ = {
			isa = PBXGroup;
			children = (
				35D44AB81E769E3400519775 /* main.m */,
			);
			name = "Supporting Files";
			sourceTree = "<group>";
		};
/* End PBXGroup section */

/* Begin PBXNativeTarget section */
		35D44AB31E769E3400519775 /* CollectionViewInTableViewCell */ = {
			isa = PBXNativeTarget;
			buildConfigurationList = 35D44ACB1E769E3400519775 /* Build configuration list for PBXNativeTarget "CollectionViewInTableViewCell" */;
			buildPhases = (
				35D44AB01E769E3400519775 /* Sources */,
				35D44AB11E769E3400519775 /* Frameworks */,
				35D44AB21E769E3400519775 /* Resources */,
			);
			buildRules = (
			);
			dependencies = (
			);
			name = CollectionViewInTableViewCell;
			productName = CollectionViewInTableViewCell;
			productReference = 35D44AB41E769E3400519775 /* CollectionViewInTableViewCell.app */;
			productType = "com.apple.product-type.application";
		};
/* End PBXNativeTarget section */

/* Begin PBXProject section */
		35D44AAC1E769E3400519775 /* Project object */ = {
			isa = PBXProject;
			attributes = {
				LastUpgradeCheck = 0820;
				ORGANIZATIONNAME = Heisenbean;
				TargetAttributes = {
					35D44AB31E769E3400519775 = {
						CreatedOnToolsVersion = 8.2.1;
						ProvisioningStyle = Automatic;
					};
				};
			};
			buildConfigurationList = 35D44AAF1E769E3400519775 /* Build configuration list for PBXProject "CollectionViewInTableViewCell" */;
			compatibilityVersion = "Xcode 3.2";
			developmentRegion = English;
			hasScannedForEncodings = 0;
			knownRegions = (
				en,
				Base,
			);
			mainGroup = 35D44AAB1E769E3400519775;
			productRefGroup = 35D44AB51E769E3400519775 /* Products */;
			projectDirPath = "";
			projectRoot = "";
			targets = (
				35D44AB31E769E3400519775 /* CollectionViewInTableViewCell */,
			);
		};
/* End PBXProject section */

/* Begin PBXResourcesBuildPhase section */
		35D44AB21E769E3400519775 /* Resources */ = {
			isa = PBXResourcesBuildPhase;
			buildActionMask = 2147483647;
			files = (
				35D44AC71E769E3400519775 /* LaunchScreen.storyboard in Resources */,
				35D44AC41E769E3400519775 /* Assets.xcassets in Resources */,
				35D44AD81E769F2000519775 /* Datas.plist in Resources */,
				35D44AC21E769E3400519775 /* Main.storyboard in Resources */,
			);
			runOnlyForDeploymentPostprocessing = 0;
		};
/* End PBXResourcesBuildPhase section */

/* Begin PBXSourcesBuildPhase section */
		35D44AB01E769E3400519775 /* Sources */ = {
			isa = PBXSourcesBuildPhase;
			buildActionMask = 2147483647;
			files = (
				35A7B7541EF2290C0087BBAD /* UIImageView+BetterFace.m in Sources */,
				35D44AD41E769E4900519775 /* ViewController.m in Sources */,
				35D44AD51E769E4900519775 /* MyTableViewCell.m in Sources */,
				35D44ABC1E769E3400519775 /* AppDelegate.m in Sources */,
				35D44AB91E769E3400519775 /* main.m in Sources */,
				35A7B7531EF2290C0087BBAD /* UIImage+BetterFace.m in Sources */,
				35D44AD61E769E4900519775 /* MyCollectionViewCell.m in Sources */,
			);
			runOnlyForDeploymentPostprocessing = 0;
		};
/* End PBXSourcesBuildPhase section */

/* Begin PBXVariantGroup section */
		35D44AC01E769E3400519775 /* Main.storyboard */ = {
			isa = PBXVariantGroup;
			children = (
				35D44AC11E769E3400519775 /* Base */,
			);
			name = Main.storyboard;
			sourceTree = "<group>";
		};
		35D44AC51E769E3400519775 /* LaunchScreen.storyboard */ = {
			isa = PBXVariantGroup;
			children = (
				35D44AC61E769E3400519775 /* Base */,
			);
			name = LaunchScreen.storyboard;
			sourceTree = "<group>";
		};
/* End PBXVariantGroup section */

/* Begin XCBuildConfiguration section */
		35D44AC91E769E3400519775 /* Debug */ = {
			isa = XCBuildConfiguration;
			buildSettings = {
				ALWAYS_SEARCH_USER_PATHS = NO;
				CLANG_ANALYZER_NONNULL = YES;
				CLANG_CXX_LANGUAGE_STANDARD = "gnu++0x";
				CLANG_CXX_LIBRARY = "libc++";
				CLANG_ENABLE_MODULES = YES;
				CLANG_ENABLE_OBJC_ARC = YES;
				CLANG_WARN_BOOL_CONVERSION = YES;
				CLANG_WARN_CONSTANT_CONVERSION = YES;
				CLANG_WARN_DIRECT_OBJC_ISA_USAGE = YES_ERROR;
				CLANG_WARN_DOCUMENTATION_COMMENTS = YES;
				CLANG_WARN_EMPTY_BODY = YES;
				CLANG_WARN_ENUM_CONVERSION = YES;
				CLANG_WARN_INFINITE_RECURSION = YES;
				CLANG_WARN_INT_CONVERSION = YES;
				CLANG_WARN_OBJC_ROOT_CLASS = YES_ERROR;
				CLANG_WARN_SUSPICIOUS_MOVE = YES;
				CLANG_WARN_UNREACHABLE_CODE = YES;
				CLANG_WARN__DUPLICATE_METHOD_MATCH = YES;
				"CODE_SIGN_IDENTITY[sdk=iphoneos*]" = "iPhone Developer";
				COPY_PHASE_STRIP = NO;
				DEBUG_INFORMATION_FORMAT = dwarf;
				ENABLE_STRICT_OBJC_MSGSEND = YES;
				ENABLE_TESTABILITY = YES;
				GCC_C_LANGUAGE_STANDARD = gnu99;
				GCC_DYNAMIC_NO_PIC = NO;
				GCC_NO_COMMON_BLOCKS = YES;
				GCC_OPTIMIZATION_LEVEL = 0;
				GCC_PREPROCESSOR_DEFINITIONS = (
					"DEBUG=1",
					"$(inherited)",
				);
				GCC_WARN_64_TO_32_BIT_CONVERSION = YES;
				GCC_WARN_ABOUT_RETURN_TYPE = YES_ERROR;
				GCC_WARN_UNDECLARED_SELECTOR = YES;
				GCC_WARN_UNINITIALIZED_AUTOS = YES_AGGRESSIVE;
				GCC_WARN_UNUSED_FUNCTION = YES;
				GCC_WARN_UNUSED_VARIABLE = YES;
				IPHONEOS_DEPLOYMENT_TARGET = 10.2;
				MTL_ENABLE_DEBUG_INFO = YES;
				ONLY_ACTIVE_ARCH = YES;
				SDKROOT = iphoneos;
			};
			name = Debug;
		};
		35D44ACA1E769E3400519775 /* Release */ = {
			isa = XCBuildConfiguration;
			buildSettings = {
				ALWAYS_SEARCH_USER_PATHS = NO;
				CLANG_ANALYZER_NONNULL = YES;
				CLANG_CXX_LANGUAGE_STANDARD = "gnu++0x";
				CLANG_CXX_LIBRARY = "libc++";
				CLANG_ENABLE_MODULES = YES;
				CLANG_ENABLE_OBJC_ARC = YES;
				CLANG_WARN_BOOL_CONVERSION = YES;
				CLANG_WARN_CONSTANT_CONVERSION = YES;
				CLANG_WARN_DIRECT_OBJC_ISA_USAGE = YES_ERROR;
				CLANG_WARN_DOCUMENTATION_COMMENTS = YES;
				CLANG_WARN_EMPTY_BODY = YES;
				CLANG_WARN_ENUM_CONVERSION = YES;
				CLANG_WARN_INFINITE_RECURSION = YES;
				CLANG_WARN_INT_CONVERSION = YES;
				CLANG_WARN_OBJC_ROOT_CLASS = YES_ERROR;
				CLANG_WARN_SUSPICIOUS_MOVE = YES;
				CLANG_WARN_UNREACHABLE_CODE = YES;
				CLANG_WARN__DUPLICATE_METHOD_MATCH = YES;
				"CODE_SIGN_IDENTITY[sdk=iphoneos*]" = "iPhone Developer";
				COPY_PHASE_STRIP = NO;
				DEBUG_INFORMATION_FORMAT = "dwarf-with-dsym";
				ENABLE_NS_ASSERTIONS = NO;
				ENABLE_STRICT_OBJC_MSGSEND = YES;
				GCC_C_LANGUAGE_STANDARD = gnu99;
				GCC_NO_COMMON_BLOCKS = YES;
				GCC_WARN_64_TO_32_BIT_CONVERSION = YES;
				GCC_WARN_ABOUT_RETURN_TYPE = YES_ERROR;
				GCC_WARN_UNDECLARED_SELECTOR = YES;
				GCC_WARN_UNINITIALIZED_AUTOS = YES_AGGRESSIVE;
				GCC_WARN_UNUSED_FUNCTION = YES;
				GCC_WARN_UNUSED_VARIABLE = YES;
				IPHONEOS_DEPLOYMENT_TARGET = 10.2;
				MTL_ENABLE_DEBUG_INFO = NO;
				SDKROOT = iphoneos;
				VALIDATE_PRODUCT = YES;
			};
			name = Release;
		};
		35D44ACC1E769E3400519775 /* Debug */ = {
			isa = XCBuildConfiguration;
			buildSettings = {
				ASSETCATALOG_COMPILER_APPICON_NAME = AppIcon;
				INFOPLIST_FILE = CollectionViewInTableViewCell/Info.plist;
				LD_RUNPATH_SEARCH_PATHS = "$(inherited) @executable_path/Frameworks";
				PRODUCT_BUNDLE_IDENTIFIER = me.heisenbean.CollectionViewInTableViewCell;
				PRODUCT_NAME = "$(TARGET_NAME)";
			};
			name = Debug;
		};
		35D44ACD1E769E3400519775 /* Release */ = {
			isa = XCBuildConfiguration;
			buildSettings = {
				ASSETCATALOG_COMPILER_APPICON_NAME = AppIcon;
				INFOPLIST_FILE = CollectionViewInTableViewCell/Info.plist;
				LD_RUNPATH_SEARCH_PATHS = "$(inherited) @executable_path/Frameworks";
				PRODUCT_BUNDLE_IDENTIFIER = me.heisenbean.CollectionViewInTableViewCell;
				PRODUCT_NAME = "$(TARGET_NAME)";
			};
			name = Release;
		};
/* End XCBuildConfiguration section */

/* Begin XCConfigurationList section */
		35D44AAF1E769E3400519775 /* Build configuration list for PBXProject "CollectionViewInTableViewCell" */ = {
			isa = XCConfigurationList;
			buildConfigurations = (
				35D44AC91E769E3400519775 /* Debug */,
				35D44ACA1E769E3400519775 /* Release */,
			);
			defaultConfigurationIsVisible = 0;
			defaultConfigurationName = Release;
		};
		35D44ACB1E769E3400519775 /* Build configuration list for PBXNativeTarget "CollectionViewInTableViewCell" */ = {
			isa = XCConfigurationList;
			buildConfigurations = (
				35D44ACC1E769E3400519775 /* Debug */,
				35D44ACD1E769E3400519775 /* Release */,
			);
			defaultConfigurationIsVisible = 0;
			defaultConfigurationName = Release;
		};
/* End XCConfigurationList section */
	};
	rootObject = 35D44AAC1E769E3400519775 /* Project object */;
}
